
Microsoft Visual Studio Solution File, Format Version 12.00
# Visual Studio 2017
Project("{FAE04EC0-301F-11D3-BF4B-00C04F79EFBC}") = "TheLoraxClicker", "TheLoraxClicker.csproj", "{B8081799-37E1-03E3-5B6B-27157B4E5369}"
EndProject
Global
	GlobalSection(SolutionConfigurationPlatforms) = preSolution
		Debug|Any CPU = Debug|Any CPU
		Release|Any CPU = Release|Any CPU
	EndGlobalSection
	GlobalSection(ProjectConfigurationPlatforms) = postSolution
		{B8081799-37E1-03E3-5B6B-27157B4E5369}.Debug|Any CPU.ActiveCfg = Debug|Any CPU
		{B8081799-37E1-03E3-5B6B-27157B4E5369}.Debug|Any CPU.Build.0 = Debug|Any CPU
		{B8081799-37E1-03E3-5B6B-27157B4E5369}.Release|Any CPU.ActiveCfg = Release|Any CPU
		{B8081799-37E1-03E3-5B6B-27157B4E5369}.Release|Any CPU.Build.0 = Release|Any CPU
	EndGlobalSection
	GlobalSection(SolutionProperties) = preSolution
		HideSolutionNode = FALSE
	EndGlobalSection
EndGlobal
